
Microsoft Visual Studio Solution File, Format Version 12.00
# Visual Studio Version 16
VisualStudioVersion = 16.0.29503.13
MinimumVisualStudioVersion = 10.0.40219.1
Project("{FAE04EC0-301F-11D3-BF4B-00C04F79EFBC}") = "物联网网关模拟器", "物联网网关模拟器\物联网网关模拟器.csproj", "{42899E47-A89F-4669-B19F-84C6F16D0C63}"
EndProject
Global
	GlobalSection(SolutionConfigurationPlatforms) = preSolution
		Debug|Any CPU = Debug|Any CPU
		Release|Any CPU = Release|Any CPU
	EndGlobalSection
	GlobalSection(ProjectConfigurationPlatforms) = postSolution
		{42899E47-A89F-4669-B19F-84C6F16D0C63}.Debug|Any CPU.ActiveCfg = Debug|Any CPU
		{42899E47-A89F-4669-B19F-84C6F16D0C63}.Debug|Any CPU.Build.0 = Debug|Any CPU
		{42899E47-A89F-4669-B19F-84C6F16D0C63}.Release|Any CPU.ActiveCfg = Release|Any CPU
		{42899E47-A89F-4669-B19F-84C6F16D0C63}.Release|Any CPU.Build.0 = Release|Any CPU
	EndGlobalSection
	GlobalSection(SolutionProperties) = preSolution
		HideSolutionNode = FALSE
	EndGlobalSection
	GlobalSection(ExtensibilityGlobals) = postSolution
		SolutionGuid = {D55C114A-7503-4DCB-AD0F-E7D69CA32B22}
	EndGlobalSection
EndGlobal
